// !$*UTF8*$!
{
	archiveVersion = 1;
	classes = {
	};
	objectVersion = 52;
	objects = {

/* Begin PBXBuildFile section */
		3DF4EE592605F56300D2F18E /* Coffee_TimeApp.swift in Sources */ = {isa = PBXBuildFile; fileRef = 3DF4EE582605F56300D2F18E /* Coffee_TimeApp.swift */; };
		3DF4EE5D2605F56700D2F18E /* Assets.xcassets in Resources */ = {isa = PBXBuildFile; fileRef = 3DF4EE5C2605F56700D2F18E /* Assets.xcassets */; };
		3DF4EE602605F56700D2F18E /* Preview Assets.xcassets in Resources */ = {isa = PBXBuildFile; fileRef = 3DF4EE5F2605F56700D2F18E /* Preview Assets.xcassets */; };
		3DF4EE6B2605F59600D2F18E /* Constants.swift in Sources */ = {isa = PBXBuildFile; fileRef = 3DF4EE6A2605F59600D2F18E /* Constants.swift */; };
		3DF4EE732605F60000D2F18E /* MainScreen.swift in Sources */ = {isa = PBXBuildFile; fileRef = 3DF4EE722605F60000D2F18E /* MainScreen.swift */; };
		3DF4EE7B2605FE1000D2F18E /* ChatView.swift in Sources */ = {isa = PBXBuildFile; fileRef = 3DF4EE7A2605FE1000D2F18E /* ChatView.swift */; };
		3DF4EE822605FE8200D2F18E /* ChatModel.swift in Sources */ = {isa = PBXBuildFile; fileRef = 3DF4EE812605FE8200D2F18E /* ChatModel.swift */; };
		3DF4EE92260620CE00D2F18E /* InteretsScreen.swift in Sources */ = {isa = PBXBuildFile; fileRef = 3DF4EE91260620CE00D2F18E /* InteretsScreen.swift */; };
		3DF4EE96260620D800D2F18E /* TopicsScreen.swift in Sources */ = {isa = PBXBuildFile; fileRef = 3DF4EE95260620D800D2F18E /* TopicsScreen.swift */; };
		3DF4EE99260620EA00D2F18E /* InterestsModel.swift in Sources */ = {isa = PBXBuildFile; fileRef = 3DF4EE98260620EA00D2F18E /* InterestsModel.swift */; };
		3DF4EE9D260620F200D2F18E /* TopicsModel.swift in Sources */ = {isa = PBXBuildFile; fileRef = 3DF4EE9C260620F200D2F18E /* TopicsModel.swift */; };
		3DF4EEA1260620FF00D2F18E /* MainModel.swift in Sources */ = {isa = PBXBuildFile; fileRef = 3DF4EEA0260620FF00D2F18E /* MainModel.swift */; };
		3DF4EEA9260631A900D2F18E /* MainScreenHeader.swift in Sources */ = {isa = PBXBuildFile; fileRef = 3DF4EEA8260631A900D2F18E /* MainScreenHeader.swift */; };
		3DF4EEAC260631BF00D2F18E /* MainScreenTabBar.swift in Sources */ = {isa = PBXBuildFile; fileRef = 3DF4EEAB260631BF00D2F18E /* MainScreenTabBar.swift */; };
		3DF4EEAF2606364400D2F18E /* CTText.swift in Sources */ = {isa = PBXBuildFile; fileRef = 3DF4EEAE2606364400D2F18E /* CTText.swift */; };
		3DF4EEBE2606376600D2F18E /* Montserrat-Thin.ttf in Resources */ = {isa = PBXBuildFile; fileRef = 3DF4EEB62606376600D2F18E /* Montserrat-Thin.ttf */; };
		3DF4EEBF2606376600D2F18E /* Montserrat-SemiBold.ttf in Resources */ = {isa = PBXBuildFile; fileRef = 3DF4EEB72606376600D2F18E /* Montserrat-SemiBold.ttf */; };
		3DF4EEC02606376600D2F18E /* Montserrat-Medium.ttf in Resources */ = {isa = PBXBuildFile; fileRef = 3DF4EEB82606376600D2F18E /* Montserrat-Medium.ttf */; };
		3DF4EEC12606376600D2F18E /* Montserrat-Light.ttf in Resources */ = {isa = PBXBuildFile; fileRef = 3DF4EEB92606376600D2F18E /* Montserrat-Light.ttf */; };
		3DF4EEC22606376600D2F18E /* Montserrat-Bold.ttf in Resources */ = {isa = PBXBuildFile; fileRef = 3DF4EEBA2606376600D2F18E /* Montserrat-Bold.ttf */; };
		3DF4EEC32606376600D2F18E /* Montserrat-Regular.ttf in Resources */ = {isa = PBXBuildFile; fileRef = 3DF4EEBB2606376600D2F18E /* Montserrat-Regular.ttf */; };
		3DF4EEC42606376600D2F18E /* Montserrat-ExtraLight.ttf in Resources */ = {isa = PBXBuildFile; fileRef = 3DF4EEBC2606376600D2F18E /* Montserrat-ExtraLight.ttf */; };
		3DF4EEC52606376600D2F18E /* Montserrat-ExtraBold.ttf in Resources */ = {isa = PBXBuildFile; fileRef = 3DF4EEBD2606376600D2F18E /* Montserrat-ExtraBold.ttf */; };
		3DF4EEC92606445800D2F18E /* View+Ext.swift in Sources */ = {isa = PBXBuildFile; fileRef = 3DF4EEC82606445800D2F18E /* View+Ext.swift */; };
		94DD05FC2606095D006C0BB2 /* Registration.swift in Sources */ = {isa = PBXBuildFile; fileRef = 94DD05FB2606095D006C0BB2 /* Registration.swift */; };
		94DD060126060FA0006C0BB2 /* Starscream in Frameworks */ = {isa = PBXBuildFile; productRef = 94DD060026060FA0006C0BB2 /* Starscream */; };
		94DD06052606118B006C0BB2 /* ChatNetworkManager.swift in Sources */ = {isa = PBXBuildFile; fileRef = 94DD06042606118B006C0BB2 /* ChatNetworkManager.swift */; };
/* End PBXBuildFile section */

/* Begin PBXFileReference section */
		3DF4EE552605F56300D2F18E /* Coffee Time.app */ = {isa = PBXFileReference; explicitFileType = wrapper.application; includeInIndex = 0; path = "Coffee Time.app"; sourceTree = BUILT_PRODUCTS_DIR; };
		3DF4EE582605F56300D2F18E /* Coffee_TimeApp.swift */ = {isa = PBXFileReference; lastKnownFileType = sourcecode.swift; path = Coffee_TimeApp.swift; sourceTree = "<group>"; };
		3DF4EE5C2605F56700D2F18E /* Assets.xcassets */ = {isa = PBXFileReference; lastKnownFileType = folder.assetcatalog; path = Assets.xcassets; sourceTree = "<group>"; };
		3DF4EE5F2605F56700D2F18E /* Preview Assets.xcassets */ = {isa = PBXFileReference; lastKnownFileType = folder.assetcatalog; path = "Preview Assets.xcassets"; sourceTree = "<group>"; };
		3DF4EE612605F56700D2F18E /* Info.plist */ = {isa = PBXFileReference; lastKnownFileType = text.plist.xml; path = Info.plist; sourceTree = "<group>"; };
		3DF4EE6A2605F59600D2F18E /* Constants.swift */ = {isa = PBXFileReference; lastKnownFileType = sourcecode.swift; path = Constants.swift; sourceTree = "<group>"; };
		3DF4EE722605F60000D2F18E /* MainScreen.swift */ = {isa = PBXFileReference; lastKnownFileType = sourcecode.swift; path = MainScreen.swift; sourceTree = "<group>"; };
		3DF4EE7A2605FE1000D2F18E /* ChatView.swift */ = {isa = PBXFileReference; lastKnownFileType = sourcecode.swift; path = ChatView.swift; sourceTree = "<group>"; };
		3DF4EE812605FE8200D2F18E /* ChatModel.swift */ = {isa = PBXFileReference; lastKnownFileType = sourcecode.swift; path = ChatModel.swift; sourceTree = "<group>"; };
		3DF4EE91260620CE00D2F18E /* InteretsScreen.swift */ = {isa = PBXFileReference; lastKnownFileType = sourcecode.swift; path = InteretsScreen.swift; sourceTree = "<group>"; };
		3DF4EE95260620D800D2F18E /* TopicsScreen.swift */ = {isa = PBXFileReference; lastKnownFileType = sourcecode.swift; path = TopicsScreen.swift; sourceTree = "<group>"; };
		3DF4EE98260620EA00D2F18E /* InterestsModel.swift */ = {isa = PBXFileReference; lastKnownFileType = sourcecode.swift; path = InterestsModel.swift; sourceTree = "<group>"; };
		3DF4EE9C260620F200D2F18E /* TopicsModel.swift */ = {isa = PBXFileReference; lastKnownFileType = sourcecode.swift; path = TopicsModel.swift; sourceTree = "<group>"; };
		3DF4EEA0260620FF00D2F18E /* MainModel.swift */ = {isa = PBXFileReference; lastKnownFileType = sourcecode.swift; path = MainModel.swift; sourceTree = "<group>"; };
		3DF4EEA8260631A900D2F18E /* MainScreenHeader.swift */ = {isa = PBXFileReference; lastKnownFileType = sourcecode.swift; path = MainScreenHeader.swift; sourceTree = "<group>"; };
		3DF4EEAB260631BF00D2F18E /* MainScreenTabBar.swift */ = {isa = PBXFileReference; lastKnownFileType = sourcecode.swift; path = MainScreenTabBar.swift; sourceTree = "<group>"; };
		3DF4EEAE2606364400D2F18E /* CTText.swift */ = {isa = PBXFileReference; lastKnownFileType = sourcecode.swift; path = CTText.swift; sourceTree = "<group>"; };
		3DF4EEB62606376600D2F18E /* Montserrat-Thin.ttf */ = {isa = PBXFileReference; lastKnownFileType = file; path = "Montserrat-Thin.ttf"; sourceTree = "<group>"; };
		3DF4EEB72606376600D2F18E /* Montserrat-SemiBold.ttf */ = {isa = PBXFileReference; lastKnownFileType = file; path = "Montserrat-SemiBold.ttf"; sourceTree = "<group>"; };
		3DF4EEB82606376600D2F18E /* Montserrat-Medium.ttf */ = {isa = PBXFileReference; lastKnownFileType = file; path = "Montserrat-Medium.ttf"; sourceTree = "<group>"; };
		3DF4EEB92606376600D2F18E /* Montserrat-Light.ttf */ = {isa = PBXFileReference; lastKnownFileType = file; path = "Montserrat-Light.ttf"; sourceTree = "<group>"; };
		3DF4EEBA2606376600D2F18E /* Montserrat-Bold.ttf */ = {isa = PBXFileReference; lastKnownFileType = file; path = "Montserrat-Bold.ttf"; sourceTree = "<group>"; };
		3DF4EEBB2606376600D2F18E /* Montserrat-Regular.ttf */ = {isa = PBXFileReference; lastKnownFileType = file; path = "Montserrat-Regular.ttf"; sourceTree = "<group>"; };
		3DF4EEBC2606376600D2F18E /* Montserrat-ExtraLight.ttf */ = {isa = PBXFileReference; lastKnownFileType = file; path = "Montserrat-ExtraLight.ttf"; sourceTree = "<group>"; };
		3DF4EEBD2606376600D2F18E /* Montserrat-ExtraBold.ttf */ = {isa = PBXFileReference; lastKnownFileType = file; path = "Montserrat-ExtraBold.ttf"; sourceTree = "<group>"; };
		3DF4EEC82606445800D2F18E /* View+Ext.swift */ = {isa = PBXFileReference; lastKnownFileType = sourcecode.swift; path = "View+Ext.swift"; sourceTree = "<group>"; };
		94DD05FB2606095D006C0BB2 /* Registration.swift */ = {isa = PBXFileReference; lastKnownFileType = sourcecode.swift; path = Registration.swift; sourceTree = "<group>"; };
		94DD06042606118B006C0BB2 /* ChatNetworkManager.swift */ = {isa = PBXFileReference; lastKnownFileType = sourcecode.swift; path = ChatNetworkManager.swift; sourceTree = "<group>"; };
/* End PBXFileReference section */

/* Begin PBXFrameworksBuildPhase section */
		3DF4EE522605F56300D2F18E /* Frameworks */ = {
			isa = PBXFrameworksBuildPhase;
			buildActionMask = 2147483647;
			files = (
				94DD060126060FA0006C0BB2 /* Starscream in Frameworks */,
			);
			runOnlyForDeploymentPostprocessing = 0;
		};
/* End PBXFrameworksBuildPhase section */

/* Begin PBXGroup section */
		3DF4EE4C2605F56300D2F18E = {
			isa = PBXGroup;
			children = (
				3DF4EE572605F56300D2F18E /* Coffee Time */,
				3DF4EE562605F56300D2F18E /* Products */,
			);
			sourceTree = "<group>";
		};
		3DF4EE562605F56300D2F18E /* Products */ = {
			isa = PBXGroup;
			children = (
				3DF4EE552605F56300D2F18E /* Coffee Time.app */,
			);
			name = Products;
			sourceTree = "<group>";
		};
		3DF4EE572605F56300D2F18E /* Coffee Time */ = {
			isa = PBXGroup;
			children = (
				3DF4EE692605F58B00D2F18E /* Utilities */,
				3DF4EEC72606444100D2F18E /* Extensions */,
				94DD06032606113C006C0BB2 /* Networking */,
				3DF4EE8B26061EF300D2F18E /* Custom Views */,
				3DF4EE702605F5D000D2F18E /* Main */,
				3DF4EE6E2605F5A300D2F18E /* Screens */,
				3DF4EEB22606370A00D2F18E /* Helper */,
			);
			path = "Coffee Time";
			sourceTree = "<group>";
		};
		3DF4EE5E2605F56700D2F18E /* Preview Content */ = {
			isa = PBXGroup;
			children = (
				3DF4EE5F2605F56700D2F18E /* Preview Assets.xcassets */,
			);
			path = "Preview Content";
			sourceTree = "<group>";
		};
		3DF4EE692605F58B00D2F18E /* Utilities */ = {
			isa = PBXGroup;
			children = (
				3DF4EE6A2605F59600D2F18E /* Constants.swift */,
			);
			path = Utilities;
			sourceTree = "<group>";
		};
		3DF4EE6E2605F5A300D2F18E /* Screens */ = {
			isa = PBXGroup;
			children = (
				3DF4EEA72606319A00D2F18E /* Main */,
				3DF4EE8E2606209300D2F18E /* Interests */,
				3DF4EE8F2606209D00D2F18E /* Topics */,
				3DF4EE762605F62900D2F18E /* Chat */,
				3DF4EEA42606215D00D2F18E /* Registration */,
				3DF4EE90260620A500D2F18E /* Profile */,
			);
			path = Screens;
			sourceTree = "<group>";
		};
		3DF4EE702605F5D000D2F18E /* Main */ = {
			isa = PBXGroup;
			children = (
				3DF4EE582605F56300D2F18E /* Coffee_TimeApp.swift */,
			);
			path = Main;
			sourceTree = "<group>";
		};
		3DF4EE762605F62900D2F18E /* Chat */ = {
			isa = PBXGroup;
			children = (
				3DF4EE812605FE8200D2F18E /* ChatModel.swift */,
				3DF4EE7A2605FE1000D2F18E /* ChatView.swift */,
			);
			path = Chat;
			sourceTree = "<group>";
		};
		3DF4EE8B26061EF300D2F18E /* Custom Views */ = {
			isa = PBXGroup;
			children = (
				3DF4EEAE2606364400D2F18E /* CTText.swift */,
			);
			path = "Custom Views";
			sourceTree = "<group>";
		};
		3DF4EE8E2606209300D2F18E /* Interests */ = {
			isa = PBXGroup;
			children = (
				3DF4EE98260620EA00D2F18E /* InterestsModel.swift */,
				3DF4EE91260620CE00D2F18E /* InteretsScreen.swift */,
			);
			path = Interests;
			sourceTree = "<group>";
		};
		3DF4EE8F2606209D00D2F18E /* Topics */ = {
			isa = PBXGroup;
			children = (
				3DF4EE9C260620F200D2F18E /* TopicsModel.swift */,
				3DF4EE95260620D800D2F18E /* TopicsScreen.swift */,
			);
			path = Topics;
			sourceTree = "<group>";
		};
		3DF4EE90260620A500D2F18E /* Profile */ = {
			isa = PBXGroup;
			children = (
			);
			path = Profile;
			sourceTree = "<group>";
		};
		3DF4EEA42606215D00D2F18E /* Registration */ = {
			isa = PBXGroup;
			children = (
				94DD05FB2606095D006C0BB2 /* Registration.swift */,
			);
			path = Registration;
			sourceTree = "<group>";
		};
		3DF4EEA72606319A00D2F18E /* Main */ = {
			isa = PBXGroup;
			children = (
				3DF4EEA0260620FF00D2F18E /* MainModel.swift */,
				3DF4EE722605F60000D2F18E /* MainScreen.swift */,
				3DF4EEA8260631A900D2F18E /* MainScreenHeader.swift */,
				3DF4EEAB260631BF00D2F18E /* MainScreenTabBar.swift */,
			);
			path = Main;
			sourceTree = "<group>";
		};
		3DF4EEB22606370A00D2F18E /* Helper */ = {
			isa = PBXGroup;
			children = (
				3DF4EEB52606372B00D2F18E /* Fonts */,
				3DF4EE612605F56700D2F18E /* Info.plist */,
				3DF4EE5C2605F56700D2F18E /* Assets.xcassets */,
				3DF4EE5E2605F56700D2F18E /* Preview Content */,
			);
			name = Helper;
			sourceTree = "<group>";
		};
		3DF4EEB52606372B00D2F18E /* Fonts */ = {
			isa = PBXGroup;
			children = (
				3DF4EEBA2606376600D2F18E /* Montserrat-Bold.ttf */,
				3DF4EEBD2606376600D2F18E /* Montserrat-ExtraBold.ttf */,
				3DF4EEBC2606376600D2F18E /* Montserrat-ExtraLight.ttf */,
				3DF4EEB92606376600D2F18E /* Montserrat-Light.ttf */,
				3DF4EEB82606376600D2F18E /* Montserrat-Medium.ttf */,
				3DF4EEBB2606376600D2F18E /* Montserrat-Regular.ttf */,
				3DF4EEB72606376600D2F18E /* Montserrat-SemiBold.ttf */,
				3DF4EEB62606376600D2F18E /* Montserrat-Thin.ttf */,
			);
			path = Fonts;
			sourceTree = "<group>";
		};
		3DF4EEC72606444100D2F18E /* Extensions */ = {
			isa = PBXGroup;
			children = (
				3DF4EEC82606445800D2F18E /* View+Ext.swift */,
			);
			path = Extensions;
			sourceTree = "<group>";
		};
		94DD06032606113C006C0BB2 /* Networking */ = {
			isa = PBXGroup;
			children = (
				94DD06042606118B006C0BB2 /* ChatNetworkManager.swift */,
			);
			path = Networking;
			sourceTree = "<group>";
		};
/* End PBXGroup section */

/* Begin PBXNativeTarget section */
		3DF4EE542605F56300D2F18E /* Coffee Time */ = {
			isa = PBXNativeTarget;
			buildConfigurationList = 3DF4EE642605F56700D2F18E /* Build configuration list for PBXNativeTarget "Coffee Time" */;
			buildPhases = (
				3DF4EE512605F56300D2F18E /* Sources */,
				3DF4EE522605F56300D2F18E /* Frameworks */,
				3DF4EE532605F56300D2F18E /* Resources */,
			);
			buildRules = (
			);
			dependencies = (
			);
			name = "Coffee Time";
			packageProductDependencies = (
				94DD060026060FA0006C0BB2 /* Starscream */,
			);
			productName = "Coffee Time";
			productReference = 3DF4EE552605F56300D2F18E /* Coffee Time.app */;
			productType = "com.apple.product-type.application";
		};
/* End PBXNativeTarget section */

/* Begin PBXProject section */
		3DF4EE4D2605F56300D2F18E /* Project object */ = {
			isa = PBXProject;
			attributes = {
				LastSwiftUpdateCheck = 1230;
				LastUpgradeCheck = 1230;
				TargetAttributes = {
					3DF4EE542605F56300D2F18E = {
						CreatedOnToolsVersion = 12.3;
					};
				};
			};
			buildConfigurationList = 3DF4EE502605F56300D2F18E /* Build configuration list for PBXProject "Coffee Time" */;
			compatibilityVersion = "Xcode 9.3";
			developmentRegion = en;
			hasScannedForEncodings = 0;
			knownRegions = (
				en,
				Base,
			);
			mainGroup = 3DF4EE4C2605F56300D2F18E;
			packageReferences = (
				94DD05FF26060FA0006C0BB2 /* XCRemoteSwiftPackageReference "Starscream" */,
			);
			productRefGroup = 3DF4EE562605F56300D2F18E /* Products */;
			projectDirPath = "";
			projectRoot = "";
			targets = (
				3DF4EE542605F56300D2F18E /* Coffee Time */,
			);
		};
/* End PBXProject section */

/* Begin PBXResourcesBuildPhase section */
		3DF4EE532605F56300D2F18E /* Resources */ = {
			isa = PBXResourcesBuildPhase;
			buildActionMask = 2147483647;
			files = (
				3DF4EEC32606376600D2F18E /* Montserrat-Regular.ttf in Resources */,
				3DF4EEC12606376600D2F18E /* Montserrat-Light.ttf in Resources */,
				3DF4EE602605F56700D2F18E /* Preview Assets.xcassets in Resources */,
				3DF4EEC02606376600D2F18E /* Montserrat-Medium.ttf in Resources */,
				3DF4EEC42606376600D2F18E /* Montserrat-ExtraLight.ttf in Resources */,
				3DF4EEC52606376600D2F18E /* Montserrat-ExtraBold.ttf in Resources */,
				3DF4EEBE2606376600D2F18E /* Montserrat-Thin.ttf in Resources */,
				3DF4EEBF2606376600D2F18E /* Montserrat-SemiBold.ttf in Resources */,
				3DF4EE5D2605F56700D2F18E /* Assets.xcassets in Resources */,
				3DF4EEC22606376600D2F18E /* Montserrat-Bold.ttf in Resources */,
			);
			runOnlyForDeploymentPostprocessing = 0;
		};
/* End PBXResourcesBuildPhase section */

/* Begin PBXSourcesBuildPhase section */
		3DF4EE512605F56300D2F18E /* Sources */ = {
			isa = PBXSourcesBuildPhase;
			buildActionMask = 2147483647;
			files = (
				3DF4EEC92606445800D2F18E /* View+Ext.swift in Sources */,
				3DF4EE822605FE8200D2F18E /* ChatModel.swift in Sources */,
				3DF4EE7B2605FE1000D2F18E /* ChatView.swift in Sources */,
				3DF4EE732605F60000D2F18E /* MainScreen.swift in Sources */,
				3DF4EE592605F56300D2F18E /* Coffee_TimeApp.swift in Sources */,
				3DF4EEAF2606364400D2F18E /* CTText.swift in Sources */,
				94DD06052606118B006C0BB2 /* ChatNetworkManager.swift in Sources */,
				3DF4EE9D260620F200D2F18E /* TopicsModel.swift in Sources */,
				3DF4EEAC260631BF00D2F18E /* MainScreenTabBar.swift in Sources */,
				3DF4EE99260620EA00D2F18E /* InterestsModel.swift in Sources */,
				3DF4EE92260620CE00D2F18E /* InteretsScreen.swift in Sources */,
				3DF4EEA9260631A900D2F18E /* MainScreenHeader.swift in Sources */,
				3DF4EEA1260620FF00D2F18E /* MainModel.swift in Sources */,
				94DD05FC2606095D006C0BB2 /* Registration.swift in Sources */,
				3DF4EE96260620D800D2F18E /* TopicsScreen.swift in Sources */,
				3DF4EE6B2605F59600D2F18E /* Constants.swift in Sources */,
			);
			runOnlyForDeploymentPostprocessing = 0;
		};
/* End PBXSourcesBuildPhase section */

/* Begin XCBuildConfiguration section */
		3DF4EE622605F56700D2F18E /* Debug */ = {
			isa = XCBuildConfiguration;
			buildSettings = {
				ALWAYS_SEARCH_USER_PATHS = NO;
				CLANG_ANALYZER_NONNULL = YES;
				CLANG_ANALYZER_NUMBER_OBJECT_CONVERSION = YES_AGGRESSIVE;
				CLANG_CXX_LANGUAGE_STANDARD = "gnu++14";
				CLANG_CXX_LIBRARY = "libc++";
				CLANG_ENABLE_MODULES = YES;
				CLANG_ENABLE_OBJC_ARC = YES;
				CLANG_ENABLE_OBJC_WEAK = YES;
				CLANG_WARN_BLOCK_CAPTURE_AUTORELEASING = YES;
				CLANG_WARN_BOOL_CONVERSION = YES;
				CLANG_WARN_COMMA = YES;
				CLANG_WARN_CONSTANT_CONVERSION = YES;
				CLANG_WARN_DEPRECATED_OBJC_IMPLEMENTATIONS = YES;
				CLANG_WARN_DIRECT_OBJC_ISA_USAGE = YES_ERROR;
				CLANG_WARN_DOCUMENTATION_COMMENTS = YES;
				CLANG_WARN_EMPTY_BODY = YES;
				CLANG_WARN_ENUM_CONVERSION = YES;
				CLANG_WARN_INFINITE_RECURSION = YES;
				CLANG_WARN_INT_CONVERSION = YES;
				CLANG_WARN_NON_LITERAL_NULL_CONVERSION = YES;
				CLANG_WARN_OBJC_IMPLICIT_RETAIN_SELF = YES;
				CLANG_WARN_OBJC_LITERAL_CONVERSION = YES;
				CLANG_WARN_OBJC_ROOT_CLASS = YES_ERROR;
				CLANG_WARN_QUOTED_INCLUDE_IN_FRAMEWORK_HEADER = YES;
				CLANG_WARN_RANGE_LOOP_ANALYSIS = YES;
				CLANG_WARN_STRICT_PROTOTYPES = YES;
				CLANG_WARN_SUSPICIOUS_MOVE = YES;
				CLANG_WARN_UNGUARDED_AVAILABILITY = YES_AGGRESSIVE;
				CLANG_WARN_UNREACHABLE_CODE = YES;
				CLANG_WARN__DUPLICATE_METHOD_MATCH = YES;
				COPY_PHASE_STRIP = NO;
				DEBUG_INFORMATION_FORMAT = dwarf;
				ENABLE_STRICT_OBJC_MSGSEND = YES;
				ENABLE_TESTABILITY = YES;
				GCC_C_LANGUAGE_STANDARD = gnu11;
				GCC_DYNAMIC_NO_PIC = NO;
				GCC_NO_COMMON_BLOCKS = YES;
				GCC_OPTIMIZATION_LEVEL = 0;
				GCC_PREPROCESSOR_DEFINITIONS = (
					"DEBUG=1",
					"$(inherited)",
				);
				GCC_WARN_64_TO_32_BIT_CONVERSION = YES;
				GCC_WARN_ABOUT_RETURN_TYPE = YES_ERROR;
				GCC_WARN_UNDECLARED_SELECTOR = YES;
				GCC_WARN_UNINITIALIZED_AUTOS = YES_AGGRESSIVE;
				GCC_WARN_UNUSED_FUNCTION = YES;
				GCC_WARN_UNUSED_VARIABLE = YES;
				IPHONEOS_DEPLOYMENT_TARGET = 14.3;
				MTL_ENABLE_DEBUG_INFO = INCLUDE_SOURCE;
				MTL_FAST_MATH = YES;
				ONLY_ACTIVE_ARCH = YES;
				SDKROOT = iphoneos;
				SWIFT_ACTIVE_COMPILATION_CONDITIONS = DEBUG;
				SWIFT_OPTIMIZATION_LEVEL = "-Onone";
			};
			name = Debug;
		};
		3DF4EE632605F56700D2F18E /* Release */ = {
			isa = XCBuildConfiguration;
			buildSettings = {
				ALWAYS_SEARCH_USER_PATHS = NO;
				CLANG_ANALYZER_NONNULL = YES;
				CLANG_ANALYZER_NUMBER_OBJECT_CONVERSION = YES_AGGRESSIVE;
				CLANG_CXX_LANGUAGE_STANDARD = "gnu++14";
				CLANG_CXX_LIBRARY = "libc++";
				CLANG_ENABLE_MODULES = YES;
				CLANG_ENABLE_OBJC_ARC = YES;
				CLANG_ENABLE_OBJC_WEAK = YES;
				CLANG_WARN_BLOCK_CAPTURE_AUTORELEASING = YES;
				CLANG_WARN_BOOL_CONVERSION = YES;
				CLANG_WARN_COMMA = YES;
				CLANG_WARN_CONSTANT_CONVERSION = YES;
				CLANG_WARN_DEPRECATED_OBJC_IMPLEMENTATIONS = YES;
				CLANG_WARN_DIRECT_OBJC_ISA_USAGE = YES_ERROR;
				CLANG_WARN_DOCUMENTATION_COMMENTS = YES;
				CLANG_WARN_EMPTY_BODY = YES;
				CLANG_WARN_ENUM_CONVERSION = YES;
				CLANG_WARN_INFINITE_RECURSION = YES;
				CLANG_WARN_INT_CONVERSION = YES;
				CLANG_WARN_NON_LITERAL_NULL_CONVERSION = YES;
				CLANG_WARN_OBJC_IMPLICIT_RETAIN_SELF = YES;
				CLANG_WARN_OBJC_LITERAL_CONVERSION = YES;
				CLANG_WARN_OBJC_ROOT_CLASS = YES_ERROR;
				CLANG_WARN_QUOTED_INCLUDE_IN_FRAMEWORK_HEADER = YES;
				CLANG_WARN_RANGE_LOOP_ANALYSIS = YES;
				CLANG_WARN_STRICT_PROTOTYPES = YES;
				CLANG_WARN_SUSPICIOUS_MOVE = YES;
				CLANG_WARN_UNGUARDED_AVAILABILITY = YES_AGGRESSIVE;
				CLANG_WARN_UNREACHABLE_CODE = YES;
				CLANG_WARN__DUPLICATE_METHOD_MATCH = YES;
				COPY_PHASE_STRIP = NO;
				DEBUG_INFORMATION_FORMAT = "dwarf-with-dsym";
				ENABLE_NS_ASSERTIONS = NO;
				ENABLE_STRICT_OBJC_MSGSEND = YES;
				GCC_C_LANGUAGE_STANDARD = gnu11;
				GCC_NO_COMMON_BLOCKS = YES;
				GCC_WARN_64_TO_32_BIT_CONVERSION = YES;
				GCC_WARN_ABOUT_RETURN_TYPE = YES_ERROR;
				GCC_WARN_UNDECLARED_SELECTOR = YES;
				GCC_WARN_UNINITIALIZED_AUTOS = YES_AGGRESSIVE;
				GCC_WARN_UNUSED_FUNCTION = YES;
				GCC_WARN_UNUSED_VARIABLE = YES;
				IPHONEOS_DEPLOYMENT_TARGET = 14.3;
				MTL_ENABLE_DEBUG_INFO = NO;
				MTL_FAST_MATH = YES;
				SDKROOT = iphoneos;
				SWIFT_COMPILATION_MODE = wholemodule;
				SWIFT_OPTIMIZATION_LEVEL = "-O";
				VALIDATE_PRODUCT = YES;
			};
			name = Release;
		};
		3DF4EE652605F56700D2F18E /* Debug */ = {
			isa = XCBuildConfiguration;
			buildSettings = {
				ASSETCATALOG_COMPILER_APPICON_NAME = AppIcon;
				ASSETCATALOG_COMPILER_GLOBAL_ACCENT_COLOR_NAME = AccentColor;
				CODE_SIGN_STYLE = Automatic;
				DEVELOPMENT_ASSET_PATHS = "\"Coffee Time/Preview Content\"";
				DEVELOPMENT_TEAM = M4J79LU3NC;
				ENABLE_PREVIEWS = YES;
				INFOPLIST_FILE = "Coffee Time/Info.plist";
				IPHONEOS_DEPLOYMENT_TARGET = 14.0;
				LD_RUNPATH_SEARCH_PATHS = (
					"$(inherited)",
					"@executable_path/Frameworks",
				);
				PRODUCT_BUNDLE_IDENTIFIER = "com.kaizheng.Coffee-Time";
				PRODUCT_NAME = "$(TARGET_NAME)";
				SWIFT_VERSION = 5.0;
				TARGETED_DEVICE_FAMILY = 1;
			};
			name = Debug;
		};
		3DF4EE662605F56700D2F18E /* Release */ = {
			isa = XCBuildConfiguration;
			buildSettings = {
				ASSETCATALOG_COMPILER_APPICON_NAME = AppIcon;
				ASSETCATALOG_COMPILER_GLOBAL_ACCENT_COLOR_NAME = AccentColor;
				CODE_SIGN_STYLE = Automatic;
				DEVELOPMENT_ASSET_PATHS = "\"Coffee Time/Preview Content\"";
				DEVELOPMENT_TEAM = M4J79LU3NC;
				ENABLE_PREVIEWS = YES;
				INFOPLIST_FILE = "Coffee Time/Info.plist";
				IPHONEOS_DEPLOYMENT_TARGET = 14.0;
				LD_RUNPATH_SEARCH_PATHS = (
					"$(inherited)",
					"@executable_path/Frameworks",
				);
				PRODUCT_BUNDLE_IDENTIFIER = "com.kaizheng.Coffee-Time";
				PRODUCT_NAME = "$(TARGET_NAME)";
				SWIFT_VERSION = 5.0;
				TARGETED_DEVICE_FAMILY = 1;
			};
			name = Release;
		};
/* End XCBuildConfiguration section */

/* Begin XCConfigurationList section */
		3DF4EE502605F56300D2F18E /* Build configuration list for PBXProject "Coffee Time" */ = {
			isa = XCConfigurationList;
			buildConfigurations = (
				3DF4EE622605F56700D2F18E /* Debug */,
				3DF4EE632605F56700D2F18E /* Release */,
			);
			defaultConfigurationIsVisible = 0;
			defaultConfigurationName = Release;
		};
		3DF4EE642605F56700D2F18E /* Build configuration list for PBXNativeTarget "Coffee Time" */ = {
			isa = XCConfigurationList;
			buildConfigurations = (
				3DF4EE652605F56700D2F18E /* Debug */,
				3DF4EE662605F56700D2F18E /* Release */,
			);
			defaultConfigurationIsVisible = 0;
			defaultConfigurationName = Release;
		};
/* End XCConfigurationList section */

/* Begin XCRemoteSwiftPackageReference section */
		94DD05FF26060FA0006C0BB2 /* XCRemoteSwiftPackageReference "Starscream" */ = {
			isa = XCRemoteSwiftPackageReference;
			repositoryURL = "https://github.com/daltoniam/Starscream";
			requirement = {
				kind = upToNextMajorVersion;
				minimumVersion = 4.0.4;
			};
		};
/* End XCRemoteSwiftPackageReference section */

/* Begin XCSwiftPackageProductDependency section */
		94DD060026060FA0006C0BB2 /* Starscream */ = {
			isa = XCSwiftPackageProductDependency;
			package = 94DD05FF26060FA0006C0BB2 /* XCRemoteSwiftPackageReference "Starscream" */;
			productName = Starscream;
		};
/* End XCSwiftPackageProductDependency section */
	};
	rootObject = 3DF4EE4D2605F56300D2F18E /* Project object */;
}
